
Microsoft Visual Studio Solution File, Format Version 12.00
# Visual Studio Version 17
VisualStudioVersion = 17.5.33530.505
MinimumVisualStudioVersion = 10.0.40219.1
Project("{FAE04EC0-301F-11D3-BF4B-00C04F79EFBC}") = "ROCK_PAPER_SCISSOR", "ROCK_PAPER_SCISSOR.csproj", "{70284B5D-BBB2-4F7E-B1EF-3918412EB167}"
EndProject
Global
	GlobalSection(SolutionConfigurationPlatforms) = preSolution
		Debug|Any CPU = Debug|Any CPU
		Release|Any CPU = Release|Any CPU
	EndGlobalSection
	GlobalSection(ProjectConfigurationPlatforms) = postSolution
		{70284B5D-BBB2-4F7E-B1EF-3918412EB167}.Debug|Any CPU.ActiveCfg = Debug|Any CPU
		{70284B5D-BBB2-4F7E-B1EF-3918412EB167}.Debug|Any CPU.Build.0 = Debug|Any CPU
		{70284B5D-BBB2-4F7E-B1EF-3918412EB167}.Release|Any CPU.ActiveCfg = Release|Any CPU
		{70284B5D-BBB2-4F7E-B1EF-3918412EB167}.Release|Any CPU.Build.0 = Release|Any CPU
	EndGlobalSection
	GlobalSection(SolutionProperties) = preSolution
		HideSolutionNode = FALSE
	EndGlobalSection
	GlobalSection(ExtensibilityGlobals) = postSolution
		SolutionGuid = {EBEAD189-D91F-427A-A086-16C0F30A82A1}
	EndGlobalSection
EndGlobal
